
Microsoft Visual Studio Solution File, Format Version 12.00
# Visual Studio Version 16
VisualStudioVersion = 16.0.32106.194
MinimumVisualStudioVersion = 10.0.40219.1
Project("{9A19103F-16F7-4668-BE54-9A1E7A4F7556}") = "LanguageLearning", "LanguageLearning.csproj", "{5A0BA2D2-7032-4F0E-AD71-166D08B1ACD1}"
EndProject
Project("{9A19103F-16F7-4668-BE54-9A1E7A4F7556}") = "LanguageLearningApp", "..\LanguageLearningApp\LanguageLearningApp.csproj", "{FD6D9D48-395A-493E-81D3-B9D35CA2A0EE}"
EndProject
Project("{9A19103F-16F7-4668-BE54-9A1E7A4F7556}") = "LanguageLearningSite", "..\LanguageLearningSite\LanguageLearningSite.csproj", "{B0EC57F2-9853-4EB9-BE1F-8A48A0723AED}"
EndProject
Global
	GlobalSection(SolutionConfigurationPlatforms) = preSolution
		Debug|Any CPU = Debug|Any CPU
		Release|Any CPU = Release|Any CPU
	EndGlobalSection
	GlobalSection(ProjectConfigurationPlatforms) = postSolution
		{5A0BA2D2-7032-4F0E-AD71-166D08B1ACD1}.Debug|Any CPU.ActiveCfg = Debug|Any CPU
		{5A0BA2D2-7032-4F0E-AD71-166D08B1ACD1}.Debug|Any CPU.Build.0 = Debug|Any CPU
		{5A0BA2D2-7032-4F0E-AD71-166D08B1ACD1}.Release|Any CPU.ActiveCfg = Release|Any CPU
		{5A0BA2D2-7032-4F0E-AD71-166D08B1ACD1}.Release|Any CPU.Build.0 = Release|Any CPU
		{FD6D9D48-395A-493E-81D3-B9D35CA2A0EE}.Debug|Any CPU.ActiveCfg = Debug|Any CPU
		{FD6D9D48-395A-493E-81D3-B9D35CA2A0EE}.Debug|Any CPU.Build.0 = Debug|Any CPU
		{FD6D9D48-395A-493E-81D3-B9D35CA2A0EE}.Release|Any CPU.ActiveCfg = Release|Any CPU
		{FD6D9D48-395A-493E-81D3-B9D35CA2A0EE}.Release|Any CPU.Build.0 = Release|Any CPU
		{B0EC57F2-9853-4EB9-BE1F-8A48A0723AED}.Debug|Any CPU.ActiveCfg = Debug|Any CPU
		{B0EC57F2-9853-4EB9-BE1F-8A48A0723AED}.Debug|Any CPU.Build.0 = Debug|Any CPU
		{B0EC57F2-9853-4EB9-BE1F-8A48A0723AED}.Release|Any CPU.ActiveCfg = Release|Any CPU
		{B0EC57F2-9853-4EB9-BE1F-8A48A0723AED}.Release|Any CPU.Build.0 = Release|Any CPU
	EndGlobalSection
	GlobalSection(SolutionProperties) = preSolution
		HideSolutionNode = FALSE
	EndGlobalSection
	GlobalSection(ExtensibilityGlobals) = postSolution
		SolutionGuid = {A4BCA7E7-A2D8-4D53-92E2-EF7E2F789F1A}
	EndGlobalSection
EndGlobal
